// !$*UTF8*$!
{
	archiveVersion = 1;
	classes = {
	};
	objectVersion = 56;
	objects = {

/* Begin PBXBuildFile section */
		1268F3042945C7B000A4CD7D /* ShapeContentView.swift in Sources */ = {isa = PBXBuildFile; fileRef = 1268F3032945C7B000A4CD7D /* ShapeContentView.swift */; };
		12DF98D6294F0E7F001D0257 /* ViewModifierContentView.swift in Sources */ = {isa = PBXBuildFile; fileRef = 12DF98D5294F0E7F001D0257 /* ViewModifierContentView.swift */; };
		12DF98D8294F149F001D0257 /* AlertContentView.swift in Sources */ = {isa = PBXBuildFile; fileRef = 12DF98D7294F149F001D0257 /* AlertContentView.swift */; };
		12DF98DA295099CA001D0257 /* TextEditerContentView.swift in Sources */ = {isa = PBXBuildFile; fileRef = 12DF98D9295099CA001D0257 /* TextEditerContentView.swift */; };
		12DF98DC29509D43001D0257 /* ScrollViewReaderContentView.swift in Sources */ = {isa = PBXBuildFile; fileRef = 12DF98DB29509D43001D0257 /* ScrollViewReaderContentView.swift */; };
		12DF98DE2950A09B001D0257 /* StateContentView.swift in Sources */ = {isa = PBXBuildFile; fileRef = 12DF98DD2950A09B001D0257 /* StateContentView.swift */; };
		12DF98E1295C5C06001D0257 /* JSONContentsView.swift in Sources */ = {isa = PBXBuildFile; fileRef = 12DF98E0295C5C06001D0257 /* JSONContentsView.swift */; };
		12DF98E3295C5CD7001D0257 /* WebService.swift in Sources */ = {isa = PBXBuildFile; fileRef = 12DF98E2295C5CD7001D0257 /* WebService.swift */; };
		3D47FA99294AB19700E753E1 /* ButtonContentView.swift in Sources */ = {isa = PBXBuildFile; fileRef = 3D47FA98294AB19700E753E1 /* ButtonContentView.swift */; };
		3D47FA9B294ABC5100E753E1 /* ToggleContentVIew.swift in Sources */ = {isa = PBXBuildFile; fileRef = 3D47FA9A294ABC5100E753E1 /* ToggleContentVIew.swift */; };
		3D47FA9D294AE34F00E753E1 /* ListContentView.swift in Sources */ = {isa = PBXBuildFile; fileRef = 3D47FA9C294AE34F00E753E1 /* ListContentView.swift */; };
		3D47FA9F294AEF3100E753E1 /* ListSectionContentVIew.swift in Sources */ = {isa = PBXBuildFile; fileRef = 3D47FA9E294AEF3100E753E1 /* ListSectionContentVIew.swift */; };
		3D47FAA1294FEE3900E753E1 /* WebViewContentView.swift in Sources */ = {isa = PBXBuildFile; fileRef = 3D47FAA0294FEE3900E753E1 /* WebViewContentView.swift */; };
		3D47FAA4294FF33C00E753E1 /* WebView.swift in Sources */ = {isa = PBXBuildFile; fileRef = 3D47FAA3294FF33C00E753E1 /* WebView.swift */; };
		3D47FAA6294FF7A300E753E1 /* WebViewController.swift in Sources */ = {isa = PBXBuildFile; fileRef = 3D47FAA5294FF7A300E753E1 /* WebViewController.swift */; };
		3D47FAA8294FF7B700E753E1 /* WebViewController.storyboard in Resources */ = {isa = PBXBuildFile; fileRef = 3D47FAA7294FF7B700E753E1 /* WebViewController.storyboard */; };
		3D47FAAA294FFF2A00E753E1 /* SomeFile.html in Resources */ = {isa = PBXBuildFile; fileRef = 3D47FAA9294FFF2A00E753E1 /* SomeFile.html */; };
		3D47FAAC2950016E00E753E1 /* WebViewBridgeController.swift in Sources */ = {isa = PBXBuildFile; fileRef = 3D47FAAB2950016E00E753E1 /* WebViewBridgeController.swift */; };
		3D47FAAE2950097600E753E1 /* GridContentView.swift in Sources */ = {isa = PBXBuildFile; fileRef = 3D47FAAD2950097600E753E1 /* GridContentView.swift */; };
		3D47FAB0295015A500E753E1 /* PlaceholderContentView.swift in Sources */ = {isa = PBXBuildFile; fileRef = 3D47FAAF295015A500E753E1 /* PlaceholderContentView.swift */; };
		3D47FAB229502E1900E753E1 /* NavigationViewContentView.swift in Sources */ = {isa = PBXBuildFile; fileRef = 3D47FAB129502E1900E753E1 /* NavigationViewContentView.swift */; };
		3D47FAB429503B8500E753E1 /* TabViewContentView.swift in Sources */ = {isa = PBXBuildFile; fileRef = 3D47FAB329503B8500E753E1 /* TabViewContentView.swift */; };
		3D66F82C29592E2900DFFF29 /* Binding ContentView.swift in Sources */ = {isa = PBXBuildFile; fileRef = 3D66F82B29592E2900DFFF29 /* Binding ContentView.swift */; };
		3D66F82E2959305100DFFF29 /* ObservableObjectContentView.swift in Sources */ = {isa = PBXBuildFile; fileRef = 3D66F82D2959305100DFFF29 /* ObservableObjectContentView.swift */; };
		3D66F8302959360F00DFFF29 /* EnvironmentObjectContentView.swift in Sources */ = {isa = PBXBuildFile; fileRef = 3D66F82F2959360F00DFFF29 /* EnvironmentObjectContentView.swift */; };
		3D66F83229595E0B00DFFF29 /* StateObjectContentView.swift in Sources */ = {isa = PBXBuildFile; fileRef = 3D66F83129595E0B00DFFF29 /* StateObjectContentView.swift */; };
		3D66F8342959647500DFFF29 /* AppStorageContentView.swift in Sources */ = {isa = PBXBuildFile; fileRef = 3D66F8332959647500DFFF29 /* AppStorageContentView.swift */; };
		3D66F837295968FC00DFFF29 /* GridViewContentView.swift in Sources */ = {isa = PBXBuildFile; fileRef = 3D66F836295968FC00DFFF29 /* GridViewContentView.swift */; };
		3D66F8392959752A00DFFF29 /* Item.swift in Sources */ = {isa = PBXBuildFile; fileRef = 3D66F8382959752A00DFFF29 /* Item.swift */; };
		3D66F83B29597A3000DFFF29 /* SingleRow.swift in Sources */ = {isa = PBXBuildFile; fileRef = 3D66F83A29597A3000DFFF29 /* SingleRow.swift */; };
		3D7019262962BAFA00A9BB21 /* UserDetailView.swift in Sources */ = {isa = PBXBuildFile; fileRef = 3D7019252962BAFA00A9BB21 /* UserDetailView.swift */; };
		3D966BE329417ABE00BB96A9 /* SwiftUIExApp.swift in Sources */ = {isa = PBXBuildFile; fileRef = 3D966BE229417ABE00BB96A9 /* SwiftUIExApp.swift */; };
		3D966BE529417ABE00BB96A9 /* ContentView.swift in Sources */ = {isa = PBXBuildFile; fileRef = 3D966BE429417ABE00BB96A9 /* ContentView.swift */; };
		3D966BE729417AC000BB96A9 /* Assets.xcassets in Resources */ = {isa = PBXBuildFile; fileRef = 3D966BE629417AC000BB96A9 /* Assets.xcassets */; };
		3D966BEA29417AC000BB96A9 /* Preview Assets.xcassets in Resources */ = {isa = PBXBuildFile; fileRef = 3D966BE929417AC000BB96A9 /* Preview Assets.xcassets */; };
		3D966BEC29417AC000BB96A9 /* Persistence.swift in Sources */ = {isa = PBXBuildFile; fileRef = 3D966BEB29417AC000BB96A9 /* Persistence.swift */; };
		3D966BEF29417AC000BB96A9 /* SwiftUIEx.xcdatamodeld in Sources */ = {isa = PBXBuildFile; fileRef = 3D966BED29417AC000BB96A9 /* SwiftUIEx.xcdatamodeld */; };
		3D966BF929417AC000BB96A9 /* SwiftUIExTests.swift in Sources */ = {isa = PBXBuildFile; fileRef = 3D966BF829417AC000BB96A9 /* SwiftUIExTests.swift */; };
		3D966C0329417AC000BB96A9 /* SwiftUIExUITests.swift in Sources */ = {isa = PBXBuildFile; fileRef = 3D966C0229417AC000BB96A9 /* SwiftUIExUITests.swift */; };
		3D966C0529417AC000BB96A9 /* SwiftUIExUITestsLaunchTests.swift in Sources */ = {isa = PBXBuildFile; fileRef = 3D966C0429417AC000BB96A9 /* SwiftUIExUITestsLaunchTests.swift */; };
		3D966C122941841700BB96A9 /* ImageContentView.swift in Sources */ = {isa = PBXBuildFile; fileRef = 3D966C112941841700BB96A9 /* ImageContentView.swift */; };
		3D9CE11329503D6F00143956 /* CustomToggleContentView.swift in Sources */ = {isa = PBXBuildFile; fileRef = 3D9CE11229503D6F00143956 /* CustomToggleContentView.swift */; };
		3DA3ECD52962A10000DC8880 /* JSONContentView2.swift in Sources */ = {isa = PBXBuildFile; fileRef = 3DA3ECD42962A10000DC8880 /* JSONContentView2.swift */; };
		3DA3ECD72962A16B00DC8880 /* WebService2.swift in Sources */ = {isa = PBXBuildFile; fileRef = 3DA3ECD62962A16B00DC8880 /* WebService2.swift */; };
/* End PBXBuildFile section */

/* Begin PBXContainerItemProxy section */
		3D966BF529417AC000BB96A9 /* PBXContainerItemProxy */ = {
			isa = PBXContainerItemProxy;
			containerPortal = 3D966BD729417ABE00BB96A9 /* Project object */;
			proxyType = 1;
			remoteGlobalIDString = 3D966BDE29417ABE00BB96A9;
			remoteInfo = SwiftUIEx;
		};
		3D966BFF29417AC000BB96A9 /* PBXContainerItemProxy */ = {
			isa = PBXContainerItemProxy;
			containerPortal = 3D966BD729417ABE00BB96A9 /* Project object */;
			proxyType = 1;
			remoteGlobalIDString = 3D966BDE29417ABE00BB96A9;
			remoteInfo = SwiftUIEx;
		};
/* End PBXContainerItemProxy section */

/* Begin PBXFileReference section */
		1268F3032945C7B000A4CD7D /* ShapeContentView.swift */ = {isa = PBXFileReference; lastKnownFileType = sourcecode.swift; path = ShapeContentView.swift; sourceTree = "<group>"; };
		12DF98D5294F0E7F001D0257 /* ViewModifierContentView.swift */ = {isa = PBXFileReference; lastKnownFileType = sourcecode.swift; path = ViewModifierContentView.swift; sourceTree = "<group>"; };
		12DF98D7294F149F001D0257 /* AlertContentView.swift */ = {isa = PBXFileReference; lastKnownFileType = sourcecode.swift; path = AlertContentView.swift; sourceTree = "<group>"; };
		12DF98D9295099CA001D0257 /* TextEditerContentView.swift */ = {isa = PBXFileReference; lastKnownFileType = sourcecode.swift; path = TextEditerContentView.swift; sourceTree = "<group>"; };
		12DF98DB29509D43001D0257 /* ScrollViewReaderContentView.swift */ = {isa = PBXFileReference; lastKnownFileType = sourcecode.swift; path = ScrollViewReaderContentView.swift; sourceTree = "<group>"; };
		12DF98DD2950A09B001D0257 /* StateContentView.swift */ = {isa = PBXFileReference; lastKnownFileType = sourcecode.swift; path = StateContentView.swift; sourceTree = "<group>"; };
		12DF98E0295C5C06001D0257 /* JSONContentsView.swift */ = {isa = PBXFileReference; lastKnownFileType = sourcecode.swift; path = JSONContentsView.swift; sourceTree = "<group>"; };
		12DF98E2295C5CD7001D0257 /* WebService.swift */ = {isa = PBXFileReference; lastKnownFileType = sourcecode.swift; path = WebService.swift; sourceTree = "<group>"; };
		3D47FA98294AB19700E753E1 /* ButtonContentView.swift */ = {isa = PBXFileReference; lastKnownFileType = sourcecode.swift; path = ButtonContentView.swift; sourceTree = "<group>"; };
		3D47FA9A294ABC5100E753E1 /* ToggleContentVIew.swift */ = {isa = PBXFileReference; lastKnownFileType = sourcecode.swift; path = ToggleContentVIew.swift; sourceTree = "<group>"; };
		3D47FA9C294AE34F00E753E1 /* ListContentView.swift */ = {isa = PBXFileReference; lastKnownFileType = sourcecode.swift; path = ListContentView.swift; sourceTree = "<group>"; };
		3D47FA9E294AEF3100E753E1 /* ListSectionContentVIew.swift */ = {isa = PBXFileReference; lastKnownFileType = sourcecode.swift; path = ListSectionContentVIew.swift; sourceTree = "<group>"; };
		3D47FAA0294FEE3900E753E1 /* WebViewContentView.swift */ = {isa = PBXFileReference; lastKnownFileType = sourcecode.swift; path = WebViewContentView.swift; sourceTree = "<group>"; };
		3D47FAA3294FF33C00E753E1 /* WebView.swift */ = {isa = PBXFileReference; lastKnownFileType = sourcecode.swift; path = WebView.swift; sourceTree = "<group>"; };
		3D47FAA5294FF7A300E753E1 /* WebViewController.swift */ = {isa = PBXFileReference; lastKnownFileType = sourcecode.swift; path = WebViewController.swift; sourceTree = "<group>"; };
		3D47FAA7294FF7B700E753E1 /* WebViewController.storyboard */ = {isa = PBXFileReference; lastKnownFileType = file.storyboard; path = WebViewController.storyboard; sourceTree = "<group>"; };
		3D47FAA9294FFF2A00E753E1 /* SomeFile.html */ = {isa = PBXFileReference; lastKnownFileType = text.html; path = SomeFile.html; sourceTree = "<group>"; };
		3D47FAAB2950016E00E753E1 /* WebViewBridgeController.swift */ = {isa = PBXFileReference; lastKnownFileType = sourcecode.swift; path = WebViewBridgeController.swift; sourceTree = "<group>"; };
		3D47FAAD2950097600E753E1 /* GridContentView.swift */ = {isa = PBXFileReference; lastKnownFileType = sourcecode.swift; path = GridContentView.swift; sourceTree = "<group>"; };
		3D47FAAF295015A500E753E1 /* PlaceholderContentView.swift */ = {isa = PBXFileReference; lastKnownFileType = sourcecode.swift; path = PlaceholderContentView.swift; sourceTree = "<group>"; };
		3D47FAB129502E1900E753E1 /* NavigationViewContentView.swift */ = {isa = PBXFileReference; lastKnownFileType = sourcecode.swift; path = NavigationViewContentView.swift; sourceTree = "<group>"; };
		3D47FAB329503B8500E753E1 /* TabViewContentView.swift */ = {isa = PBXFileReference; lastKnownFileType = sourcecode.swift; path = TabViewContentView.swift; sourceTree = "<group>"; };
		3D66F82B29592E2900DFFF29 /* Binding ContentView.swift */ = {isa = PBXFileReference; lastKnownFileType = sourcecode.swift; path = "Binding ContentView.swift"; sourceTree = "<group>"; };
		3D66F82D2959305100DFFF29 /* ObservableObjectContentView.swift */ = {isa = PBXFileReference; lastKnownFileType = sourcecode.swift; path = ObservableObjectContentView.swift; sourceTree = "<group>"; };
		3D66F82F2959360F00DFFF29 /* EnvironmentObjectContentView.swift */ = {isa = PBXFileReference; lastKnownFileType = sourcecode.swift; path = EnvironmentObjectContentView.swift; sourceTree = "<group>"; };
		3D66F83129595E0B00DFFF29 /* StateObjectContentView.swift */ = {isa = PBXFileReference; lastKnownFileType = sourcecode.swift; path = StateObjectContentView.swift; sourceTree = "<group>"; };
		3D66F8332959647500DFFF29 /* AppStorageContentView.swift */ = {isa = PBXFileReference; lastKnownFileType = sourcecode.swift; path = AppStorageContentView.swift; sourceTree = "<group>"; };
		3D66F836295968FC00DFFF29 /* GridViewContentView.swift */ = {isa = PBXFileReference; lastKnownFileType = sourcecode.swift; path = GridViewContentView.swift; sourceTree = "<group>"; };
		3D66F8382959752A00DFFF29 /* Item.swift */ = {isa = PBXFileReference; lastKnownFileType = sourcecode.swift; path = Item.swift; sourceTree = "<group>"; };
		3D66F83A29597A3000DFFF29 /* SingleRow.swift */ = {isa = PBXFileReference; lastKnownFileType = sourcecode.swift; path = SingleRow.swift; sourceTree = "<group>"; };
		3D7019252962BAFA00A9BB21 /* UserDetailView.swift */ = {isa = PBXFileReference; lastKnownFileType = sourcecode.swift; path = UserDetailView.swift; sourceTree = "<group>"; };
		3D966BDF29417ABE00BB96A9 /* SwiftUIEx.app */ = {isa = PBXFileReference; explicitFileType = wrapper.application; includeInIndex = 0; path = SwiftUIEx.app; sourceTree = BUILT_PRODUCTS_DIR; };
		3D966BE229417ABE00BB96A9 /* SwiftUIExApp.swift */ = {isa = PBXFileReference; lastKnownFileType = sourcecode.swift; path = SwiftUIExApp.swift; sourceTree = "<group>"; };
		3D966BE429417ABE00BB96A9 /* ContentView.swift */ = {isa = PBXFileReference; lastKnownFileType = sourcecode.swift; path = ContentView.swift; sourceTree = "<group>"; };
		3D966BE629417AC000BB96A9 /* Assets.xcassets */ = {isa = PBXFileReference; lastKnownFileType = folder.assetcatalog; path = Assets.xcassets; sourceTree = "<group>"; };
		3D966BE929417AC000BB96A9 /* Preview Assets.xcassets */ = {isa = PBXFileReference; lastKnownFileType = folder.assetcatalog; path = "Preview Assets.xcassets"; sourceTree = "<group>"; };
		3D966BEB29417AC000BB96A9 /* Persistence.swift */ = {isa = PBXFileReference; lastKnownFileType = sourcecode.swift; path = Persistence.swift; sourceTree = "<group>"; };
		3D966BEE29417AC000BB96A9 /* SwiftUIEx.xcdatamodel */ = {isa = PBXFileReference; lastKnownFileType = wrapper.xcdatamodel; path = SwiftUIEx.xcdatamodel; sourceTree = "<group>"; };
		3D966BF429417AC000BB96A9 /* SwiftUIExTests.xctest */ = {isa = PBXFileReference; explicitFileType = wrapper.cfbundle; includeInIndex = 0; path = SwiftUIExTests.xctest; sourceTree = BUILT_PRODUCTS_DIR; };
		3D966BF829417AC000BB96A9 /* SwiftUIExTests.swift */ = {isa = PBXFileReference; lastKnownFileType = sourcecode.swift; path = SwiftUIExTests.swift; sourceTree = "<group>"; };
		3D966BFE29417AC000BB96A9 /* SwiftUIExUITests.xctest */ = {isa = PBXFileReference; explicitFileType = wrapper.cfbundle; includeInIndex = 0; path = SwiftUIExUITests.xctest; sourceTree = BUILT_PRODUCTS_DIR; };
		3D966C0229417AC000BB96A9 /* SwiftUIExUITests.swift */ = {isa = PBXFileReference; lastKnownFileType = sourcecode.swift; path = SwiftUIExUITests.swift; sourceTree = "<group>"; };
		3D966C0429417AC000BB96A9 /* SwiftUIExUITestsLaunchTests.swift */ = {isa = PBXFileReference; lastKnownFileType = sourcecode.swift; path = SwiftUIExUITestsLaunchTests.swift; sourceTree = "<group>"; };
		3D966C112941841700BB96A9 /* ImageContentView.swift */ = {isa = PBXFileReference; lastKnownFileType = sourcecode.swift; path = ImageContentView.swift; sourceTree = "<group>"; };
		3D9CE11229503D6F00143956 /* CustomToggleContentView.swift */ = {isa = PBXFileReference; lastKnownFileType = sourcecode.swift; path = CustomToggleContentView.swift; sourceTree = "<group>"; };
		3DA3ECD42962A10000DC8880 /* JSONContentView2.swift */ = {isa = PBXFileReference; lastKnownFileType = sourcecode.swift; path = JSONContentView2.swift; sourceTree = "<group>"; };
		3DA3ECD62962A16B00DC8880 /* WebService2.swift */ = {isa = PBXFileReference; lastKnownFileType = sourcecode.swift; path = WebService2.swift; sourceTree = "<group>"; };
		3DA3ECD82962A6C400DC8880 /* Info.plist */ = {isa = PBXFileReference; lastKnownFileType = text.plist; path = Info.plist; sourceTree = "<group>"; };
/* End PBXFileReference section */

/* Begin PBXFrameworksBuildPhase section */
		3D966BDC29417ABE00BB96A9 /* Frameworks */ = {
			isa = PBXFrameworksBuildPhase;
			buildActionMask = 2147483647;
			files = (
			);
			runOnlyForDeploymentPostprocessing = 0;
		};
		3D966BF129417AC000BB96A9 /* Frameworks */ = {
			isa = PBXFrameworksBuildPhase;
			buildActionMask = 2147483647;
			files = (
			);
			runOnlyForDeploymentPostprocessing = 0;
		};
		3D966BFB29417AC000BB96A9 /* Frameworks */ = {
			isa = PBXFrameworksBuildPhase;
			buildActionMask = 2147483647;
			files = (
			);
			runOnlyForDeploymentPostprocessing = 0;
		};
/* End PBXFrameworksBuildPhase section */

/* Begin PBXGroup section */
		1268F3052945C7EF00A4CD7D /* ContentsViews */ = {
			isa = PBXGroup;
			children = (
				3D9CE11129503D5800143956 /* Toggle */,
				3D47FAA2294FF32C00E753E1 /* WebKit */,
				3D966C112941841700BB96A9 /* ImageContentView.swift */,
				1268F3032945C7B000A4CD7D /* ShapeContentView.swift */,
				3D966BE429417ABE00BB96A9 /* ContentView.swift */,
				3D47FA98294AB19700E753E1 /* ButtonContentView.swift */,
				3D47FA9C294AE34F00E753E1 /* ListContentView.swift */,
				3D47FA9E294AEF3100E753E1 /* ListSectionContentVIew.swift */,
				12DF98D5294F0E7F001D0257 /* ViewModifierContentView.swift */,
				12DF98D7294F149F001D0257 /* AlertContentView.swift */,
				3D47FAAD2950097600E753E1 /* GridContentView.swift */,
				3D47FAAF295015A500E753E1 /* PlaceholderContentView.swift */,
				3D47FAB129502E1900E753E1 /* NavigationViewContentView.swift */,
				3D47FAB329503B8500E753E1 /* TabViewContentView.swift */,
				12DF98D9295099CA001D0257 /* TextEditerContentView.swift */,
				12DF98DB29509D43001D0257 /* ScrollViewReaderContentView.swift */,
				12DF98DD2950A09B001D0257 /* StateContentView.swift */,
				3D66F82B29592E2900DFFF29 /* Binding ContentView.swift */,
				3D66F82D2959305100DFFF29 /* ObservableObjectContentView.swift */,
				3D66F82F2959360F00DFFF29 /* EnvironmentObjectContentView.swift */,
				3D66F83129595E0B00DFFF29 /* StateObjectContentView.swift */,
				3D66F8332959647500DFFF29 /* AppStorageContentView.swift */,
			);
			path = ContentsViews;
			sourceTree = "<group>";
		};
		12DF98DF295C5BED001D0257 /* JSONContetntsViews */ = {
			isa = PBXGroup;
			children = (
				12DF98E0295C5C06001D0257 /* JSONContentsView.swift */,
				12DF98E2295C5CD7001D0257 /* WebService.swift */,
				3DA3ECD42962A10000DC8880 /* JSONContentView2.swift */,
				3DA3ECD62962A16B00DC8880 /* WebService2.swift */,
				3D7019252962BAFA00A9BB21 /* UserDetailView.swift */,
			);
			path = JSONContetntsViews;
			sourceTree = "<group>";
		};
		3D47FAA2294FF32C00E753E1 /* WebKit */ = {
			isa = PBXGroup;
			children = (
				3D47FAA0294FEE3900E753E1 /* WebViewContentView.swift */,
				3D47FAA3294FF33C00E753E1 /* WebView.swift */,
				3D47FAA5294FF7A300E753E1 /* WebViewController.swift */,
				3D47FAA7294FF7B700E753E1 /* WebViewController.storyboard */,
				3D47FAAB2950016E00E753E1 /* WebViewBridgeController.swift */,
			);
			path = WebKit;
			sourceTree = "<group>";
		};
		3D66F8352959689400DFFF29 /* GridViews */ = {
			isa = PBXGroup;
			children = (
				3D66F836295968FC00DFFF29 /* GridViewContentView.swift */,
				3D66F8382959752A00DFFF29 /* Item.swift */,
				3D66F83A29597A3000DFFF29 /* SingleRow.swift */,
			);
			path = GridViews;
			sourceTree = "<group>";
		};
		3D966BD629417ABE00BB96A9 = {
			isa = PBXGroup;
			children = (
				3D966BE129417ABE00BB96A9 /* SwiftUIEx */,
				3D966BF729417AC000BB96A9 /* SwiftUIExTests */,
				3D966C0129417AC000BB96A9 /* SwiftUIExUITests */,
				3D966BE029417ABE00BB96A9 /* Products */,
			);
			sourceTree = "<group>";
		};
		3D966BE029417ABE00BB96A9 /* Products */ = {
			isa = PBXGroup;
			children = (
				3D966BDF29417ABE00BB96A9 /* SwiftUIEx.app */,
				3D966BF429417AC000BB96A9 /* SwiftUIExTests.xctest */,
				3D966BFE29417AC000BB96A9 /* SwiftUIExUITests.xctest */,
			);
			name = Products;
			sourceTree = "<group>";
		};
		3D966BE129417ABE00BB96A9 /* SwiftUIEx */ = {
			isa = PBXGroup;
			children = (
				3DA3ECD82962A6C400DC8880 /* Info.plist */,
				12DF98DF295C5BED001D0257 /* JSONContetntsViews */,
				1268F3052945C7EF00A4CD7D /* ContentsViews */,
				3D66F8352959689400DFFF29 /* GridViews */,
				3D966BE229417ABE00BB96A9 /* SwiftUIExApp.swift */,
				3D966BEB29417AC000BB96A9 /* Persistence.swift */,
				3D966BE629417AC000BB96A9 /* Assets.xcassets */,
				3D966BED29417AC000BB96A9 /* SwiftUIEx.xcdatamodeld */,
				3D966BE829417AC000BB96A9 /* Preview Content */,
				3D47FAA9294FFF2A00E753E1 /* SomeFile.html */,
			);
			path = SwiftUIEx;
			sourceTree = "<group>";
		};
		3D966BE829417AC000BB96A9 /* Preview Content */ = {
			isa = PBXGroup;
			children = (
				3D966BE929417AC000BB96A9 /* Preview Assets.xcassets */,
			);
			path = "Preview Content";
			sourceTree = "<group>";
		};
		3D966BF729417AC000BB96A9 /* SwiftUIExTests */ = {
			isa = PBXGroup;
			children = (
				3D966BF829417AC000BB96A9 /* SwiftUIExTests.swift */,
			);
			path = SwiftUIExTests;
			sourceTree = "<group>";
		};
		3D966C0129417AC000BB96A9 /* SwiftUIExUITests */ = {
			isa = PBXGroup;
			children = (
				3D966C0229417AC000BB96A9 /* SwiftUIExUITests.swift */,
				3D966C0429417AC000BB96A9 /* SwiftUIExUITestsLaunchTests.swift */,
			);
			path = SwiftUIExUITests;
			sourceTree = "<group>";
		};
		3D9CE11129503D5800143956 /* Toggle */ = {
			isa = PBXGroup;
			children = (
				3D47FA9A294ABC5100E753E1 /* ToggleContentVIew.swift */,
				3D9CE11229503D6F00143956 /* CustomToggleContentView.swift */,
			);
			path = Toggle;
			sourceTree = "<group>";
		};
/* End PBXGroup section */

/* Begin PBXNativeTarget section */
		3D966BDE29417ABE00BB96A9 /* SwiftUIEx */ = {
			isa = PBXNativeTarget;
			buildConfigurationList = 3D966C0829417AC000BB96A9 /* Build configuration list for PBXNativeTarget "SwiftUIEx" */;
			buildPhases = (
				3D966BDB29417ABE00BB96A9 /* Sources */,
				3D966BDC29417ABE00BB96A9 /* Frameworks */,
				3D966BDD29417ABE00BB96A9 /* Resources */,
			);
			buildRules = (
			);
			dependencies = (
			);
			name = SwiftUIEx;
			productName = SwiftUIEx;
			productReference = 3D966BDF29417ABE00BB96A9 /* SwiftUIEx.app */;
			productType = "com.apple.product-type.application";
		};
		3D966BF329417AC000BB96A9 /* SwiftUIExTests */ = {
			isa = PBXNativeTarget;
			buildConfigurationList = 3D966C0B29417AC000BB96A9 /* Build configuration list for PBXNativeTarget "SwiftUIExTests" */;
			buildPhases = (
				3D966BF029417AC000BB96A9 /* Sources */,
				3D966BF129417AC000BB96A9 /* Frameworks */,
				3D966BF229417AC000BB96A9 /* Resources */,
			);
			buildRules = (
			);
			dependencies = (
				3D966BF629417AC000BB96A9 /* PBXTargetDependency */,
			);
			name = SwiftUIExTests;
			productName = SwiftUIExTests;
			productReference = 3D966BF429417AC000BB96A9 /* SwiftUIExTests.xctest */;
			productType = "com.apple.product-type.bundle.unit-test";
		};
		3D966BFD29417AC000BB96A9 /* SwiftUIExUITests */ = {
			isa = PBXNativeTarget;
			buildConfigurationList = 3D966C0E29417AC000BB96A9 /* Build configuration list for PBXNativeTarget "SwiftUIExUITests" */;
			buildPhases = (
				3D966BFA29417AC000BB96A9 /* Sources */,
				3D966BFB29417AC000BB96A9 /* Frameworks */,
				3D966BFC29417AC000BB96A9 /* Resources */,
			);
			buildRules = (
			);
			dependencies = (
				3D966C0029417AC000BB96A9 /* PBXTargetDependency */,
			);
			name = SwiftUIExUITests;
			productName = SwiftUIExUITests;
			productReference = 3D966BFE29417AC000BB96A9 /* SwiftUIExUITests.xctest */;
			productType = "com.apple.product-type.bundle.ui-testing";
		};
/* End PBXNativeTarget section */

/* Begin PBXProject section */
		3D966BD729417ABE00BB96A9 /* Project object */ = {
			isa = PBXProject;
			attributes = {
				BuildIndependentTargetsInParallel = 1;
				LastSwiftUpdateCheck = 1410;
				LastUpgradeCheck = 1410;
				TargetAttributes = {
					3D966BDE29417ABE00BB96A9 = {
						CreatedOnToolsVersion = 14.1;
					};
					3D966BF329417AC000BB96A9 = {
						CreatedOnToolsVersion = 14.1;
						TestTargetID = 3D966BDE29417ABE00BB96A9;
					};
					3D966BFD29417AC000BB96A9 = {
						CreatedOnToolsVersion = 14.1;
						TestTargetID = 3D966BDE29417ABE00BB96A9;
					};
				};
			};
			buildConfigurationList = 3D966BDA29417ABE00BB96A9 /* Build configuration list for PBXProject "SwiftUIEx" */;
			compatibilityVersion = "Xcode 14.0";
			developmentRegion = en;
			hasScannedForEncodings = 0;
			knownRegions = (
				en,
				Base,
			);
			mainGroup = 3D966BD629417ABE00BB96A9;
			productRefGroup = 3D966BE029417ABE00BB96A9 /* Products */;
			projectDirPath = "";
			projectRoot = "";
			targets = (
				3D966BDE29417ABE00BB96A9 /* SwiftUIEx */,
				3D966BF329417AC000BB96A9 /* SwiftUIExTests */,
				3D966BFD29417AC000BB96A9 /* SwiftUIExUITests */,
			);
		};
/* End PBXProject section */

/* Begin PBXResourcesBuildPhase section */
		3D966BDD29417ABE00BB96A9 /* Resources */ = {
			isa = PBXResourcesBuildPhase;
			buildActionMask = 2147483647;
			files = (
				3D47FAAA294FFF2A00E753E1 /* SomeFile.html in Resources */,
				3D47FAA8294FF7B700E753E1 /* WebViewController.storyboard in Resources */,
				3D966BEA29417AC000BB96A9 /* Preview Assets.xcassets in Resources */,
				3D966BE729417AC000BB96A9 /* Assets.xcassets in Resources */,
			);
			runOnlyForDeploymentPostprocessing = 0;
		};
		3D966BF229417AC000BB96A9 /* Resources */ = {
			isa = PBXResourcesBuildPhase;
			buildActionMask = 2147483647;
			files = (
			);
			runOnlyForDeploymentPostprocessing = 0;
		};
		3D966BFC29417AC000BB96A9 /* Resources */ = {
			isa = PBXResourcesBuildPhase;
			buildActionMask = 2147483647;
			files = (
			);
			runOnlyForDeploymentPostprocessing = 0;
		};
/* End PBXResourcesBuildPhase section */

/* Begin PBXSourcesBuildPhase section */
		3D966BDB29417ABE00BB96A9 /* Sources */ = {
			isa = PBXSourcesBuildPhase;
			buildActionMask = 2147483647;
			files = (
				3D66F82E2959305100DFFF29 /* ObservableObjectContentView.swift in Sources */,
				3D66F837295968FC00DFFF29 /* GridViewContentView.swift in Sources */,
				3D66F83229595E0B00DFFF29 /* StateObjectContentView.swift in Sources */,
				3D47FA9D294AE34F00E753E1 /* ListContentView.swift in Sources */,
				12DF98E3295C5CD7001D0257 /* WebService.swift in Sources */,
				3D66F83B29597A3000DFFF29 /* SingleRow.swift in Sources */,
				3D966BEC29417AC000BB96A9 /* Persistence.swift in Sources */,
				3D47FAAC2950016E00E753E1 /* WebViewBridgeController.swift in Sources */,
				3D66F8392959752A00DFFF29 /* Item.swift in Sources */,
				3D47FAB429503B8500E753E1 /* TabViewContentView.swift in Sources */,
				3D47FAB229502E1900E753E1 /* NavigationViewContentView.swift in Sources */,
				3D66F8302959360F00DFFF29 /* EnvironmentObjectContentView.swift in Sources */,
				3DA3ECD52962A10000DC8880 /* JSONContentView2.swift in Sources */,
				3DA3ECD72962A16B00DC8880 /* WebService2.swift in Sources */,
				3D47FA99294AB19700E753E1 /* ButtonContentView.swift in Sources */,
				12DF98D8294F149F001D0257 /* AlertContentView.swift in Sources */,
				3D47FA9B294ABC5100E753E1 /* ToggleContentVIew.swift in Sources */,
				3D966C122941841700BB96A9 /* ImageContentView.swift in Sources */,
				1268F3042945C7B000A4CD7D /* ShapeContentView.swift in Sources */,
				12DF98DA295099CA001D0257 /* TextEditerContentView.swift in Sources */,
				3D7019262962BAFA00A9BB21 /* UserDetailView.swift in Sources */,
				3D47FAA1294FEE3900E753E1 /* WebViewContentView.swift in Sources */,
				12DF98D6294F0E7F001D0257 /* ViewModifierContentView.swift in Sources */,
				3D966BE529417ABE00BB96A9 /* ContentView.swift in Sources */,
				3D9CE11329503D6F00143956 /* CustomToggleContentView.swift in Sources */,
				3D966BEF29417AC000BB96A9 /* SwiftUIEx.xcdatamodeld in Sources */,
				12DF98DE2950A09B001D0257 /* StateContentView.swift in Sources */,
				3D66F82C29592E2900DFFF29 /* Binding ContentView.swift in Sources */,
				3D47FAAE2950097600E753E1 /* GridContentView.swift in Sources */,
				12DF98E1295C5C06001D0257 /* JSONContentsView.swift in Sources */,
				3D47FA9F294AEF3100E753E1 /* ListSectionContentVIew.swift in Sources */,
				3D47FAB0295015A500E753E1 /* PlaceholderContentView.swift in Sources */,
				3D966BE329417ABE00BB96A9 /* SwiftUIExApp.swift in Sources */,
				3D66F8342959647500DFFF29 /* AppStorageContentView.swift in Sources */,
				3D47FAA6294FF7A300E753E1 /* WebViewController.swift in Sources */,
				12DF98DC29509D43001D0257 /* ScrollViewReaderContentView.swift in Sources */,
				3D47FAA4294FF33C00E753E1 /* WebView.swift in Sources */,
			);
			runOnlyForDeploymentPostprocessing = 0;
		};
		3D966BF029417AC000BB96A9 /* Sources */ = {
			isa = PBXSourcesBuildPhase;
			buildActionMask = 2147483647;
			files = (
				3D966BF929417AC000BB96A9 /* SwiftUIExTests.swift in Sources */,
			);
			runOnlyForDeploymentPostprocessing = 0;
		};
		3D966BFA29417AC000BB96A9 /* Sources */ = {
			isa = PBXSourcesBuildPhase;
			buildActionMask = 2147483647;
			files = (
				3D966C0329417AC000BB96A9 /* SwiftUIExUITests.swift in Sources */,
				3D966C0529417AC000BB96A9 /* SwiftUIExUITestsLaunchTests.swift in Sources */,
			);
			runOnlyForDeploymentPostprocessing = 0;
		};
/* End PBXSourcesBuildPhase section */

/* Begin PBXTargetDependency section */
		3D966BF629417AC000BB96A9 /* PBXTargetDependency */ = {
			isa = PBXTargetDependency;
			target = 3D966BDE29417ABE00BB96A9 /* SwiftUIEx */;
			targetProxy = 3D966BF529417AC000BB96A9 /* PBXContainerItemProxy */;
		};
		3D966C0029417AC000BB96A9 /* PBXTargetDependency */ = {
			isa = PBXTargetDependency;
			target = 3D966BDE29417ABE00BB96A9 /* SwiftUIEx */;
			targetProxy = 3D966BFF29417AC000BB96A9 /* PBXContainerItemProxy */;
		};
/* End PBXTargetDependency section */

/* Begin XCBuildConfiguration section */
		3D966C0629417AC000BB96A9 /* Debug */ = {
			isa = XCBuildConfiguration;
			buildSettings = {
				ALWAYS_SEARCH_USER_PATHS = NO;
				CLANG_ANALYZER_NONNULL = YES;
				CLANG_ANALYZER_NUMBER_OBJECT_CONVERSION = YES_AGGRESSIVE;
				CLANG_CXX_LANGUAGE_STANDARD = "gnu++20";
				CLANG_ENABLE_MODULES = YES;
				CLANG_ENABLE_OBJC_ARC = YES;
				CLANG_ENABLE_OBJC_WEAK = YES;
				CLANG_WARN_BLOCK_CAPTURE_AUTORELEASING = YES;
				CLANG_WARN_BOOL_CONVERSION = YES;
				CLANG_WARN_COMMA = YES;
				CLANG_WARN_CONSTANT_CONVERSION = YES;
				CLANG_WARN_DEPRECATED_OBJC_IMPLEMENTATIONS = YES;
				CLANG_WARN_DIRECT_OBJC_ISA_USAGE = YES_ERROR;
				CLANG_WARN_DOCUMENTATION_COMMENTS = YES;
				CLANG_WARN_EMPTY_BODY = YES;
				CLANG_WARN_ENUM_CONVERSION = YES;
				CLANG_WARN_INFINITE_RECURSION = YES;
				CLANG_WARN_INT_CONVERSION = YES;
				CLANG_WARN_NON_LITERAL_NULL_CONVERSION = YES;
				CLANG_WARN_OBJC_IMPLICIT_RETAIN_SELF = YES;
				CLANG_WARN_OBJC_LITERAL_CONVERSION = YES;
				CLANG_WARN_OBJC_ROOT_CLASS = YES_ERROR;
				CLANG_WARN_QUOTED_INCLUDE_IN_FRAMEWORK_HEADER = YES;
				CLANG_WARN_RANGE_LOOP_ANALYSIS = YES;
				CLANG_WARN_STRICT_PROTOTYPES = YES;
				CLANG_WARN_SUSPICIOUS_MOVE = YES;
				CLANG_WARN_UNGUARDED_AVAILABILITY = YES_AGGRESSIVE;
				CLANG_WARN_UNREACHABLE_CODE = YES;
				CLANG_WARN__DUPLICATE_METHOD_MATCH = YES;
				COPY_PHASE_STRIP = NO;
				DEBUG_INFORMATION_FORMAT = dwarf;
				ENABLE_STRICT_OBJC_MSGSEND = YES;
				ENABLE_TESTABILITY = YES;
				GCC_C_LANGUAGE_STANDARD = gnu11;
				GCC_DYNAMIC_NO_PIC = NO;
				GCC_NO_COMMON_BLOCKS = YES;
				GCC_OPTIMIZATION_LEVEL = 0;
				GCC_PREPROCESSOR_DEFINITIONS = (
					"DEBUG=1",
					"$(inherited)",
				);
				GCC_WARN_64_TO_32_BIT_CONVERSION = YES;
				GCC_WARN_ABOUT_RETURN_TYPE = YES_ERROR;
				GCC_WARN_UNDECLARED_SELECTOR = YES;
				GCC_WARN_UNINITIALIZED_AUTOS = YES_AGGRESSIVE;
				GCC_WARN_UNUSED_FUNCTION = YES;
				GCC_WARN_UNUSED_VARIABLE = YES;
				IPHONEOS_DEPLOYMENT_TARGET = 16.1;
				MTL_ENABLE_DEBUG_INFO = INCLUDE_SOURCE;
				MTL_FAST_MATH = YES;
				ONLY_ACTIVE_ARCH = YES;
				SDKROOT = iphoneos;
				SWIFT_ACTIVE_COMPILATION_CONDITIONS = DEBUG;
				SWIFT_OPTIMIZATION_LEVEL = "-Onone";
			};
			name = Debug;
		};
		3D966C0729417AC000BB96A9 /* Release */ = {
			isa = XCBuildConfiguration;
			buildSettings = {
				ALWAYS_SEARCH_USER_PATHS = NO;
				CLANG_ANALYZER_NONNULL = YES;
				CLANG_ANALYZER_NUMBER_OBJECT_CONVERSION = YES_AGGRESSIVE;
				CLANG_CXX_LANGUAGE_STANDARD = "gnu++20";
				CLANG_ENABLE_MODULES = YES;
				CLANG_ENABLE_OBJC_ARC = YES;
				CLANG_ENABLE_OBJC_WEAK = YES;
				CLANG_WARN_BLOCK_CAPTURE_AUTORELEASING = YES;
				CLANG_WARN_BOOL_CONVERSION = YES;
				CLANG_WARN_COMMA = YES;
				CLANG_WARN_CONSTANT_CONVERSION = YES;
				CLANG_WARN_DEPRECATED_OBJC_IMPLEMENTATIONS = YES;
				CLANG_WARN_DIRECT_OBJC_ISA_USAGE = YES_ERROR;
				CLANG_WARN_DOCUMENTATION_COMMENTS = YES;
				CLANG_WARN_EMPTY_BODY = YES;
				CLANG_WARN_ENUM_CONVERSION = YES;
				CLANG_WARN_INFINITE_RECURSION = YES;
				CLANG_WARN_INT_CONVERSION = YES;
				CLANG_WARN_NON_LITERAL_NULL_CONVERSION = YES;
				CLANG_WARN_OBJC_IMPLICIT_RETAIN_SELF = YES;
				CLANG_WARN_OBJC_LITERAL_CONVERSION = YES;
				CLANG_WARN_OBJC_ROOT_CLASS = YES_ERROR;
				CLANG_WARN_QUOTED_INCLUDE_IN_FRAMEWORK_HEADER = YES;
				CLANG_WARN_RANGE_LOOP_ANALYSIS = YES;
				CLANG_WARN_STRICT_PROTOTYPES = YES;
				CLANG_WARN_SUSPICIOUS_MOVE = YES;
				CLANG_WARN_UNGUARDED_AVAILABILITY = YES_AGGRESSIVE;
				CLANG_WARN_UNREACHABLE_CODE = YES;
				CLANG_WARN__DUPLICATE_METHOD_MATCH = YES;
				COPY_PHASE_STRIP = NO;
				DEBUG_INFORMATION_FORMAT = "dwarf-with-dsym";
				ENABLE_NS_ASSERTIONS = NO;
				ENABLE_STRICT_OBJC_MSGSEND = YES;
				GCC_C_LANGUAGE_STANDARD = gnu11;
				GCC_NO_COMMON_BLOCKS = YES;
				GCC_WARN_64_TO_32_BIT_CONVERSION = YES;
				GCC_WARN_ABOUT_RETURN_TYPE = YES_ERROR;
				GCC_WARN_UNDECLARED_SELECTOR = YES;
				GCC_WARN_UNINITIALIZED_AUTOS = YES_AGGRESSIVE;
				GCC_WARN_UNUSED_FUNCTION = YES;
				GCC_WARN_UNUSED_VARIABLE = YES;
				IPHONEOS_DEPLOYMENT_TARGET = 16.1;
				MTL_ENABLE_DEBUG_INFO = NO;
				MTL_FAST_MATH = YES;
				SDKROOT = iphoneos;
				SWIFT_COMPILATION_MODE = wholemodule;
				SWIFT_OPTIMIZATION_LEVEL = "-O";
				VALIDATE_PRODUCT = YES;
			};
			name = Release;
		};
		3D966C0929417AC000BB96A9 /* Debug */ = {
			isa = XCBuildConfiguration;
			buildSettings = {
				ASSETCATALOG_COMPILER_APPICON_NAME = AppIcon;
				ASSETCATALOG_COMPILER_GLOBAL_ACCENT_COLOR_NAME = AccentColor;
				CODE_SIGN_STYLE = Automatic;
				CURRENT_PROJECT_VERSION = 1;
				DEVELOPMENT_ASSET_PATHS = "\"SwiftUIEx/Preview Content\"";
				DEVELOPMENT_TEAM = 87LF83524P;
				ENABLE_PREVIEWS = YES;
				GENERATE_INFOPLIST_FILE = YES;
				INFOPLIST_FILE = SwiftUIEx/Info.plist;
				INFOPLIST_KEY_UIApplicationSceneManifest_Generation = YES;
				INFOPLIST_KEY_UIApplicationSupportsIndirectInputEvents = YES;
				INFOPLIST_KEY_UILaunchScreen_Generation = YES;
				INFOPLIST_KEY_UISupportedInterfaceOrientations_iPad = "UIInterfaceOrientationPortrait UIInterfaceOrientationPortraitUpsideDown UIInterfaceOrientationLandscapeLeft UIInterfaceOrientationLandscapeRight";
				INFOPLIST_KEY_UISupportedInterfaceOrientations_iPhone = "UIInterfaceOrientationPortrait UIInterfaceOrientationLandscapeLeft UIInterfaceOrientationLandscapeRight";
				LD_RUNPATH_SEARCH_PATHS = (
					"$(inherited)",
					"@executable_path/Frameworks",
				);
				MARKETING_VERSION = 1.0;
				PRODUCT_BUNDLE_IDENTIFIER = com.rxdatasource.SwiftUIEx;
				PRODUCT_NAME = "$(TARGET_NAME)";
				SWIFT_EMIT_LOC_STRINGS = YES;
				SWIFT_VERSION = 5.0;
				TARGETED_DEVICE_FAMILY = "1,2";
			};
			name = Debug;
		};
		3D966C0A29417AC000BB96A9 /* Release */ = {
			isa = XCBuildConfiguration;
			buildSettings = {
				ASSETCATALOG_COMPILER_APPICON_NAME = AppIcon;
				ASSETCATALOG_COMPILER_GLOBAL_ACCENT_COLOR_NAME = AccentColor;
				CODE_SIGN_STYLE = Automatic;
				CURRENT_PROJECT_VERSION = 1;
				DEVELOPMENT_ASSET_PATHS = "\"SwiftUIEx/Preview Content\"";
				DEVELOPMENT_TEAM = 87LF83524P;
				ENABLE_PREVIEWS = YES;
				GENERATE_INFOPLIST_FILE = YES;
				INFOPLIST_FILE = SwiftUIEx/Info.plist;
				INFOPLIST_KEY_UIApplicationSceneManifest_Generation = YES;
				INFOPLIST_KEY_UIApplicationSupportsIndirectInputEvents = YES;
				INFOPLIST_KEY_UILaunchScreen_Generation = YES;
				INFOPLIST_KEY_UISupportedInterfaceOrientations_iPad = "UIInterfaceOrientationPortrait UIInterfaceOrientationPortraitUpsideDown UIInterfaceOrientationLandscapeLeft UIInterfaceOrientationLandscapeRight";
				INFOPLIST_KEY_UISupportedInterfaceOrientations_iPhone = "UIInterfaceOrientationPortrait UIInterfaceOrientationLandscapeLeft UIInterfaceOrientationLandscapeRight";
				LD_RUNPATH_SEARCH_PATHS = (
					"$(inherited)",
					"@executable_path/Frameworks",
				);
				MARKETING_VERSION = 1.0;
				PRODUCT_BUNDLE_IDENTIFIER = com.rxdatasource.SwiftUIEx;
				PRODUCT_NAME = "$(TARGET_NAME)";
				SWIFT_EMIT_LOC_STRINGS = YES;
				SWIFT_VERSION = 5.0;
				TARGETED_DEVICE_FAMILY = "1,2";
			};
			name = Release;
		};
		3D966C0C29417AC000BB96A9 /* Debug */ = {
			isa = XCBuildConfiguration;
			buildSettings = {
				ALWAYS_EMBED_SWIFT_STANDARD_LIBRARIES = YES;
				BUNDLE_LOADER = "$(TEST_HOST)";
				CODE_SIGN_STYLE = Automatic;
				CURRENT_PROJECT_VERSION = 1;
				DEVELOPMENT_TEAM = 87LF83524P;
				GENERATE_INFOPLIST_FILE = YES;
				IPHONEOS_DEPLOYMENT_TARGET = 16.1;
				MARKETING_VERSION = 1.0;
				PRODUCT_BUNDLE_IDENTIFIER = com.rxdatasource.SwiftUIExTests;
				PRODUCT_NAME = "$(TARGET_NAME)";
				SWIFT_EMIT_LOC_STRINGS = NO;
				SWIFT_VERSION = 5.0;
				TARGETED_DEVICE_FAMILY = "1,2";
				TEST_HOST = "$(BUILT_PRODUCTS_DIR)/SwiftUIEx.app/$(BUNDLE_EXECUTABLE_FOLDER_PATH)/SwiftUIEx";
			};
			name = Debug;
		};
		3D966C0D29417AC000BB96A9 /* Release */ = {
			isa = XCBuildConfiguration;
			buildSettings = {
				ALWAYS_EMBED_SWIFT_STANDARD_LIBRARIES = YES;
				BUNDLE_LOADER = "$(TEST_HOST)";
				CODE_SIGN_STYLE = Automatic;
				CURRENT_PROJECT_VERSION = 1;
				DEVELOPMENT_TEAM = 87LF83524P;
				GENERATE_INFOPLIST_FILE = YES;
				IPHONEOS_DEPLOYMENT_TARGET = 16.1;
				MARKETING_VERSION = 1.0;
				PRODUCT_BUNDLE_IDENTIFIER = com.rxdatasource.SwiftUIExTests;
				PRODUCT_NAME = "$(TARGET_NAME)";
				SWIFT_EMIT_LOC_STRINGS = NO;
				SWIFT_VERSION = 5.0;
				TARGETED_DEVICE_FAMILY = "1,2";
				TEST_HOST = "$(BUILT_PRODUCTS_DIR)/SwiftUIEx.app/$(BUNDLE_EXECUTABLE_FOLDER_PATH)/SwiftUIEx";
			};
			name = Release;
		};
		3D966C0F29417AC000BB96A9 /* Debug */ = {
			isa = XCBuildConfiguration;
			buildSettings = {
				ALWAYS_EMBED_SWIFT_STANDARD_LIBRARIES = YES;
				CODE_SIGN_STYLE = Automatic;
				CURRENT_PROJECT_VERSION = 1;
				DEVELOPMENT_TEAM = 87LF83524P;
				GENERATE_INFOPLIST_FILE = YES;
				MARKETING_VERSION = 1.0;
				PRODUCT_BUNDLE_IDENTIFIER = com.rxdatasource.SwiftUIExUITests;
				PRODUCT_NAME = "$(TARGET_NAME)";
				SWIFT_EMIT_LOC_STRINGS = NO;
				SWIFT_VERSION = 5.0;
				TARGETED_DEVICE_FAMILY = "1,2";
				TEST_TARGET_NAME = SwiftUIEx;
			};
			name = Debug;
		};
		3D966C1029417AC000BB96A9 /* Release */ = {
			isa = XCBuildConfiguration;
			buildSettings = {
				ALWAYS_EMBED_SWIFT_STANDARD_LIBRARIES = YES;
				CODE_SIGN_STYLE = Automatic;
				CURRENT_PROJECT_VERSION = 1;
				DEVELOPMENT_TEAM = 87LF83524P;
				GENERATE_INFOPLIST_FILE = YES;
				MARKETING_VERSION = 1.0;
				PRODUCT_BUNDLE_IDENTIFIER = com.rxdatasource.SwiftUIExUITests;
				PRODUCT_NAME = "$(TARGET_NAME)";
				SWIFT_EMIT_LOC_STRINGS = NO;
				SWIFT_VERSION = 5.0;
				TARGETED_DEVICE_FAMILY = "1,2";
				TEST_TARGET_NAME = SwiftUIEx;
			};
			name = Release;
		};
/* End XCBuildConfiguration section */

/* Begin XCConfigurationList section */
		3D966BDA29417ABE00BB96A9 /* Build configuration list for PBXProject "SwiftUIEx" */ = {
			isa = XCConfigurationList;
			buildConfigurations = (
				3D966C0629417AC000BB96A9 /* Debug */,
				3D966C0729417AC000BB96A9 /* Release */,
			);
			defaultConfigurationIsVisible = 0;
			defaultConfigurationName = Release;
		};
		3D966C0829417AC000BB96A9 /* Build configuration list for PBXNativeTarget "SwiftUIEx" */ = {
			isa = XCConfigurationList;
			buildConfigurations = (
				3D966C0929417AC000BB96A9 /* Debug */,
				3D966C0A29417AC000BB96A9 /* Release */,
			);
			defaultConfigurationIsVisible = 0;
			defaultConfigurationName = Release;
		};
		3D966C0B29417AC000BB96A9 /* Build configuration list for PBXNativeTarget "SwiftUIExTests" */ = {
			isa = XCConfigurationList;
			buildConfigurations = (
				3D966C0C29417AC000BB96A9 /* Debug */,
				3D966C0D29417AC000BB96A9 /* Release */,
			);
			defaultConfigurationIsVisible = 0;
			defaultConfigurationName = Release;
		};
		3D966C0E29417AC000BB96A9 /* Build configuration list for PBXNativeTarget "SwiftUIExUITests" */ = {
			isa = XCConfigurationList;
			buildConfigurations = (
				3D966C0F29417AC000BB96A9 /* Debug */,
				3D966C1029417AC000BB96A9 /* Release */,
			);
			defaultConfigurationIsVisible = 0;
			defaultConfigurationName = Release;
		};
/* End XCConfigurationList section */

/* Begin XCVersionGroup section */
		3D966BED29417AC000BB96A9 /* SwiftUIEx.xcdatamodeld */ = {
			isa = XCVersionGroup;
			children = (
				3D966BEE29417AC000BB96A9 /* SwiftUIEx.xcdatamodel */,
			);
			currentVersion = 3D966BEE29417AC000BB96A9 /* SwiftUIEx.xcdatamodel */;
			path = SwiftUIEx.xcdatamodeld;
			sourceTree = "<group>";
			versionGroupType = wrapper.xcdatamodel;
		};
/* End XCVersionGroup section */
	};
	rootObject = 3D966BD729417ABE00BB96A9 /* Project object */;
}
